
Microsoft Visual Studio Solution File, Format Version 12.00
# Visual Studio Version 17
VisualStudioVersion = 17.4.33213.308
MinimumVisualStudioVersion = 10.0.40219.1
Project("{FAE04EC0-301F-11D3-BF4B-00C04F79EFBC}") = "Car_Configuration", "Car_Configuration.csproj", "{65F79AC2-82E7-4F00-8999-3B6296FD6369}"
EndProject
Global
	GlobalSection(SolutionConfigurationPlatforms) = preSolution
		Debug|Any CPU = Debug|Any CPU
		Release|Any CPU = Release|Any CPU
	EndGlobalSection
	GlobalSection(ProjectConfigurationPlatforms) = postSolution
		{65F79AC2-82E7-4F00-8999-3B6296FD6369}.Debug|Any CPU.ActiveCfg = Debug|Any CPU
		{65F79AC2-82E7-4F00-8999-3B6296FD6369}.Debug|Any CPU.Build.0 = Debug|Any CPU
		{65F79AC2-82E7-4F00-8999-3B6296FD6369}.Release|Any CPU.ActiveCfg = Release|Any CPU
		{65F79AC2-82E7-4F00-8999-3B6296FD6369}.Release|Any CPU.Build.0 = Release|Any CPU
	EndGlobalSection
	GlobalSection(SolutionProperties) = preSolution
		HideSolutionNode = FALSE
	EndGlobalSection
	GlobalSection(ExtensibilityGlobals) = postSolution
		SolutionGuid = {42B64201-D902-4F08-95C9-37CBE9D3AD41}
	EndGlobalSection
EndGlobal
